{
  "name": "karma-custom-html-reporter",
  "version": "1.0.0",
  "lockfileVersion": 1,
  "requires": true,
  "dependencies": {
    "xmlbuilder": {
      "version": "13.0.1",
      "resolved": "https://registry.npmjs.org/xmlbuilder/-/xmlbuilder-13.0.1.tgz",
      "integrity": "sha512-qdGT2O3+OWTVY5HqESkgbOd8NE5MWUIuKxXd9PNQOhVC83SRfdje+Ku4vjFCaEpL6JZqlTOcKN33TlCEbApNcA=="
    }
  }
}
